
Microsoft Visual Studio Solution File, Format Version 12.00
# Visual Studio Version 17
VisualStudioVersion = 17.3.32901.215
MinimumVisualStudioVersion = 10.0.40219.1
Project("{FAE04EC0-301F-11D3-BF4B-00C04F79EFBC}") = "Clobrdo", "Clobrdo\Clobrdo.csproj", "{A44D4A89-7F2D-4E0A-A3F0-8C1986EB8BA1}"
EndProject
Global
	GlobalSection(SolutionConfigurationPlatforms) = preSolution
		Debug|Any CPU = Debug|Any CPU
		Release|Any CPU = Release|Any CPU
	EndGlobalSection
	GlobalSection(ProjectConfigurationPlatforms) = postSolution
		{A44D4A89-7F2D-4E0A-A3F0-8C1986EB8BA1}.Debug|Any CPU.ActiveCfg = Debug|Any CPU
		{A44D4A89-7F2D-4E0A-A3F0-8C1986EB8BA1}.Debug|Any CPU.Build.0 = Debug|Any CPU
		{A44D4A89-7F2D-4E0A-A3F0-8C1986EB8BA1}.Release|Any CPU.ActiveCfg = Release|Any CPU
		{A44D4A89-7F2D-4E0A-A3F0-8C1986EB8BA1}.Release|Any CPU.Build.0 = Release|Any CPU
	EndGlobalSection
	GlobalSection(SolutionProperties) = preSolution
		HideSolutionNode = FALSE
	EndGlobalSection
	GlobalSection(ExtensibilityGlobals) = postSolution
		SolutionGuid = {888BDB6C-E9BD-4812-9C8E-A1889D3F4A1E}
	EndGlobalSection
EndGlobal
